github.com/esimov/colorquant v1.0.0 h1:Au0vgJi9uTftrZxoqKJXGO1im5pny79mJpVYPij3vp0=
github.com/esimov/colorquant v1.0.0/go.mod h1:av7lYasj6eTILlP0s+rmU8POP1rsktNIBEIjjDd+wJk=
github.com/soniakeys/quant v1.0.0 h1:N1um9ktjbkZVcywBVAAYpZYSHxEfJGzshHCxx/DaI0Y=
github.com/soniakeys/quant v1.0.0/go.mod h1:HI1k023QuVbD4H8i9YdfZP2munIHU4QpjsImz6Y6zds=
